
Microsoft Visual Studio Solution File, Format Version 12.00
Project("{FAE04EC0-301F-11D3-BF4B-00C04F79EFBC}") = "P2CodeExecution", "P2CodeExecution\P2CodeExecution.csproj", "{A08E5A15-16F5-4D9F-B06A-002C4F4230DF}"
EndProject
Project("{FAE04EC0-301F-11D3-BF4B-00C04F79EFBC}") = "P3PrintingOutput", "P3PrintingOutput\P3PrintingOutput.csproj", "{A5B66FE3-8D36-443E-B884-3C143C5302F4}"
EndProject
Project("{FAE04EC0-301F-11D3-BF4B-00C04F79EFBC}") = "P4Comments", "P4Comments\P4Comments.csproj", "{79FC935D-FBFE-4C57-BAD3-64DC508E323D}"
EndProject
Project("{FAE04EC0-301F-11D3-BF4B-00C04F79EFBC}") = "P5Variables", "P5Variables\P5Variables.csproj", "{26175377-A6EF-4DB1-9D34-E8DD78D0A270}"
EndProject
Project("{FAE04EC0-301F-11D3-BF4B-00C04F79EFBC}") = "P6DataTypes", "P6DataTypes\P6DataTypes.csproj", "{31E85199-6243-4C17-8637-3F667DB4C702}"
EndProject
Project("{FAE04EC0-301F-11D3-BF4B-00C04F79EFBC}") = "P7Input", "P7Input\P7Input.csproj", "{DF48377D-DF9F-4F6B-9971-A698561FDA93}"
EndProject
Project("{FAE04EC0-301F-11D3-BF4B-00C04F79EFBC}") = "P8Conversion", "P8Conversion\P8Conversion.csproj", "{1F0FE7D0-673F-47F2-8868-30FC800A6B8B}"
EndProject
Project("{FAE04EC0-301F-11D3-BF4B-00C04F79EFBC}") = "P9Operators", "P9Operators\P9Operators.csproj", "{BC3339C2-1D1C-4427-9B55-0C908C47D543}"
EndProject
Project("{FAE04EC0-301F-11D3-BF4B-00C04F79EFBC}") = "NOTES", "NOTES\NOTES.csproj", "{5BDCB1E0-C016-4A62-94AE-21036D3F9AD5}"
EndProject
Project("{FAE04EC0-301F-11D3-BF4B-00C04F79EFBC}") = "P9.1LunchAssignmentMinutesToSeconds", "P9.1LunchAssignmentMinutesToSeconds\P9.1LunchAssignmentMinutesToSeconds.csproj", "{A1F38E7E-A10D-4EAF-B46F-C087CA69D03D}"
EndProject
Project("{FAE04EC0-301F-11D3-BF4B-00C04F79EFBC}") = "P11AssignmentsOperators", "P11AssignmentsOperators\P11AssignmentsOperators.csproj", "{2BB0F155-82C5-42B6-8666-91E123A8BCA9}"
EndProject
Global
	GlobalSection(SolutionConfigurationPlatforms) = preSolution
		Debug|Any CPU = Debug|Any CPU
		Release|Any CPU = Release|Any CPU
	EndGlobalSection
	GlobalSection(ProjectConfigurationPlatforms) = postSolution
		{A08E5A15-16F5-4D9F-B06A-002C4F4230DF}.Debug|Any CPU.ActiveCfg = Debug|Any CPU
		{A08E5A15-16F5-4D9F-B06A-002C4F4230DF}.Debug|Any CPU.Build.0 = Debug|Any CPU
		{A08E5A15-16F5-4D9F-B06A-002C4F4230DF}.Release|Any CPU.ActiveCfg = Release|Any CPU
		{A08E5A15-16F5-4D9F-B06A-002C4F4230DF}.Release|Any CPU.Build.0 = Release|Any CPU
		{A5B66FE3-8D36-443E-B884-3C143C5302F4}.Debug|Any CPU.ActiveCfg = Debug|Any CPU
		{A5B66FE3-8D36-443E-B884-3C143C5302F4}.Debug|Any CPU.Build.0 = Debug|Any CPU
		{A5B66FE3-8D36-443E-B884-3C143C5302F4}.Release|Any CPU.ActiveCfg = Release|Any CPU
		{A5B66FE3-8D36-443E-B884-3C143C5302F4}.Release|Any CPU.Build.0 = Release|Any CPU
		{79FC935D-FBFE-4C57-BAD3-64DC508E323D}.Debug|Any CPU.ActiveCfg = Debug|Any CPU
		{79FC935D-FBFE-4C57-BAD3-64DC508E323D}.Debug|Any CPU.Build.0 = Debug|Any CPU
		{79FC935D-FBFE-4C57-BAD3-64DC508E323D}.Release|Any CPU.ActiveCfg = Release|Any CPU
		{79FC935D-FBFE-4C57-BAD3-64DC508E323D}.Release|Any CPU.Build.0 = Release|Any CPU
		{26175377-A6EF-4DB1-9D34-E8DD78D0A270}.Debug|Any CPU.ActiveCfg = Debug|Any CPU
		{26175377-A6EF-4DB1-9D34-E8DD78D0A270}.Debug|Any CPU.Build.0 = Debug|Any CPU
		{26175377-A6EF-4DB1-9D34-E8DD78D0A270}.Release|Any CPU.ActiveCfg = Release|Any CPU
		{26175377-A6EF-4DB1-9D34-E8DD78D0A270}.Release|Any CPU.Build.0 = Release|Any CPU
		{31E85199-6243-4C17-8637-3F667DB4C702}.Debug|Any CPU.ActiveCfg = Debug|Any CPU
		{31E85199-6243-4C17-8637-3F667DB4C702}.Debug|Any CPU.Build.0 = Debug|Any CPU
		{31E85199-6243-4C17-8637-3F667DB4C702}.Release|Any CPU.ActiveCfg = Release|Any CPU
		{31E85199-6243-4C17-8637-3F667DB4C702}.Release|Any CPU.Build.0 = Release|Any CPU
		{DF48377D-DF9F-4F6B-9971-A698561FDA93}.Debug|Any CPU.ActiveCfg = Debug|Any CPU
		{DF48377D-DF9F-4F6B-9971-A698561FDA93}.Debug|Any CPU.Build.0 = Debug|Any CPU
		{DF48377D-DF9F-4F6B-9971-A698561FDA93}.Release|Any CPU.ActiveCfg = Release|Any CPU
		{DF48377D-DF9F-4F6B-9971-A698561FDA93}.Release|Any CPU.Build.0 = Release|Any CPU
		{1F0FE7D0-673F-47F2-8868-30FC800A6B8B}.Debug|Any CPU.ActiveCfg = Debug|Any CPU
		{1F0FE7D0-673F-47F2-8868-30FC800A6B8B}.Debug|Any CPU.Build.0 = Debug|Any CPU
		{1F0FE7D0-673F-47F2-8868-30FC800A6B8B}.Release|Any CPU.ActiveCfg = Release|Any CPU
		{1F0FE7D0-673F-47F2-8868-30FC800A6B8B}.Release|Any CPU.Build.0 = Release|Any CPU
		{BC3339C2-1D1C-4427-9B55-0C908C47D543}.Debug|Any CPU.ActiveCfg = Debug|Any CPU
		{BC3339C2-1D1C-4427-9B55-0C908C47D543}.Debug|Any CPU.Build.0 = Debug|Any CPU
		{BC3339C2-1D1C-4427-9B55-0C908C47D543}.Release|Any CPU.ActiveCfg = Release|Any CPU
		{BC3339C2-1D1C-4427-9B55-0C908C47D543}.Release|Any CPU.Build.0 = Release|Any CPU
		{5BDCB1E0-C016-4A62-94AE-21036D3F9AD5}.Debug|Any CPU.ActiveCfg = Debug|Any CPU
		{5BDCB1E0-C016-4A62-94AE-21036D3F9AD5}.Debug|Any CPU.Build.0 = Debug|Any CPU
		{5BDCB1E0-C016-4A62-94AE-21036D3F9AD5}.Release|Any CPU.ActiveCfg = Release|Any CPU
		{5BDCB1E0-C016-4A62-94AE-21036D3F9AD5}.Release|Any CPU.Build.0 = Release|Any CPU
		{A1F38E7E-A10D-4EAF-B46F-C087CA69D03D}.Debug|Any CPU.ActiveCfg = Debug|Any CPU
		{A1F38E7E-A10D-4EAF-B46F-C087CA69D03D}.Debug|Any CPU.Build.0 = Debug|Any CPU
		{A1F38E7E-A10D-4EAF-B46F-C087CA69D03D}.Release|Any CPU.ActiveCfg = Release|Any CPU
		{A1F38E7E-A10D-4EAF-B46F-C087CA69D03D}.Release|Any CPU.Build.0 = Release|Any CPU
		{2BB0F155-82C5-42B6-8666-91E123A8BCA9}.Debug|Any CPU.ActiveCfg = Debug|Any CPU
		{2BB0F155-82C5-42B6-8666-91E123A8BCA9}.Debug|Any CPU.Build.0 = Debug|Any CPU
		{2BB0F155-82C5-42B6-8666-91E123A8BCA9}.Release|Any CPU.ActiveCfg = Release|Any CPU
		{2BB0F155-82C5-42B6-8666-91E123A8BCA9}.Release|Any CPU.Build.0 = Release|Any CPU
	EndGlobalSection
EndGlobal
