
Microsoft Visual Studio Solution File, Format Version 12.00
# Visual Studio Version 16
VisualStudioVersion = 25.0.1706.3
MinimumVisualStudioVersion = 10.0.40219.1
Project("{FAE04EC0-301F-11D3-BF4B-00C04F79EFBC}") = "P2CodeExecution", "P2CodeExecution.csproj", "{37BF1476-9B59-4AC6-9611-18C3F5412B8E}"
EndProject
Global
	GlobalSection(SolutionConfigurationPlatforms) = preSolution
		Debug|Any CPU = Debug|Any CPU
		Release|Any CPU = Release|Any CPU
	EndGlobalSection
	GlobalSection(ProjectConfigurationPlatforms) = postSolution
		{37BF1476-9B59-4AC6-9611-18C3F5412B8E}.Debug|Any CPU.ActiveCfg = Debug|Any CPU
		{37BF1476-9B59-4AC6-9611-18C3F5412B8E}.Debug|Any CPU.Build.0 = Debug|Any CPU
		{37BF1476-9B59-4AC6-9611-18C3F5412B8E}.Release|Any CPU.ActiveCfg = Release|Any CPU
		{37BF1476-9B59-4AC6-9611-18C3F5412B8E}.Release|Any CPU.Build.0 = Release|Any CPU
	EndGlobalSection
	GlobalSection(SolutionProperties) = preSolution
		HideSolutionNode = FALSE
	EndGlobalSection
	GlobalSection(ExtensibilityGlobals) = postSolution
		SolutionGuid = {E3DA0DA9-EF7C-4AA9-B6E6-617A1A26F742}
	EndGlobalSection
EndGlobal
